
Microsoft Visual Studio Solution File, Format Version 12.00
# Visual Studio Version 16
VisualStudioVersion = 16.0.29418.71
MinimumVisualStudioVersion = 10.0.40219.1
Project("{8BC9CEB8-8B4A-11D0-8D11-00A0C91BC942}") = "hueconsole", "hueconsole.vcxproj", "{C8332454-4D7E-40CB-A0A3-8FA930D8BF7F}"
	ProjectSection(ProjectDependencies) = postProject
		{64B9A321-85F9-49FE-8F41-C4DE8136050C} = {64B9A321-85F9-49FE-8F41-C4DE8136050C}
	EndProjectSection
EndProject
Project("{8BC9CEB8-8B4A-11D0-8D11-00A0C91BC942}") = "boss2d", "..\..\Boss2D\project\boss2d.vcxproj", "{64B9A321-85F9-49FE-8F41-C4DE8136050C}"
EndProject
Global
	GlobalSection(SolutionConfigurationPlatforms) = preSolution
		Debug|x64 = Debug|x64
		Debug|x86 = Debug|x86
		Release|x64 = Release|x64
		Release|x86 = Release|x86
	EndGlobalSection
	GlobalSection(ProjectConfigurationPlatforms) = postSolution
		{C8332454-4D7E-40CB-A0A3-8FA930D8BF7F}.Debug|x64.ActiveCfg = Debug|x64
		{C8332454-4D7E-40CB-A0A3-8FA930D8BF7F}.Debug|x64.Build.0 = Debug|x64
		{C8332454-4D7E-40CB-A0A3-8FA930D8BF7F}.Debug|x86.ActiveCfg = Debug|Win32
		{C8332454-4D7E-40CB-A0A3-8FA930D8BF7F}.Debug|x86.Build.0 = Debug|Win32
		{C8332454-4D7E-40CB-A0A3-8FA930D8BF7F}.Release|x64.ActiveCfg = Release|x64
		{C8332454-4D7E-40CB-A0A3-8FA930D8BF7F}.Release|x64.Build.0 = Release|x64
		{C8332454-4D7E-40CB-A0A3-8FA930D8BF7F}.Release|x86.ActiveCfg = Release|Win32
		{C8332454-4D7E-40CB-A0A3-8FA930D8BF7F}.Release|x86.Build.0 = Release|Win32
		{64B9A321-85F9-49FE-8F41-C4DE8136050C}.Debug|x64.ActiveCfg = Debug|x64
		{64B9A321-85F9-49FE-8F41-C4DE8136050C}.Debug|x64.Build.0 = Debug|x64
		{64B9A321-85F9-49FE-8F41-C4DE8136050C}.Debug|x86.ActiveCfg = Debug|Win32
		{64B9A321-85F9-49FE-8F41-C4DE8136050C}.Debug|x86.Build.0 = Debug|Win32
		{64B9A321-85F9-49FE-8F41-C4DE8136050C}.Release|x64.ActiveCfg = Release|x64
		{64B9A321-85F9-49FE-8F41-C4DE8136050C}.Release|x64.Build.0 = Release|x64
		{64B9A321-85F9-49FE-8F41-C4DE8136050C}.Release|x86.ActiveCfg = Release|Win32
		{64B9A321-85F9-49FE-8F41-C4DE8136050C}.Release|x86.Build.0 = Release|Win32
	EndGlobalSection
	GlobalSection(SolutionProperties) = preSolution
		HideSolutionNode = FALSE
	EndGlobalSection
	GlobalSection(ExtensibilityGlobals) = postSolution
		SolutionGuid = {1B344014-8B6B-4E3E-8A7C-8F0E6DC925BA}
	EndGlobalSection
EndGlobal
