

Microsoft Visual Studio Solution File, Format Version 12.00
# Visual Studio Version 16
VisualStudioVersion = 16.0.28711.60
MinimumVisualStudioVersion = 10.0.40219.1
Project("{8BC9CEB8-8B4A-11D0-8D11-00A0C91BC942}") = "ZipArchive", "ZipArchive.vcxproj", "{A51CF340-B0EA-4C9B-A2FA-4D7487692EF5}"
EndProject
Global
	GlobalSection(SolutionConfigurationPlatforms) = preSolution
		Debug MFC MD DLL|Win32 = Debug MFC MD DLL|Win32
		Debug MFC MD DLL|x64 = Debug MFC MD DLL|x64
		Debug MFC MD|Win32 = Debug MFC MD|Win32
		Debug MFC MD|x64 = Debug MFC MD|x64
		Debug MFC MT|Win32 = Debug MFC MT|Win32
		Debug MFC MT|x64 = Debug MFC MT|x64
		Debug STL MD DLL|Win32 = Debug STL MD DLL|Win32
		Debug STL MD DLL|x64 = Debug STL MD DLL|x64
		Debug STL MD|Win32 = Debug STL MD|Win32
		Debug STL MD|x64 = Debug STL MD|x64
		Debug STL MT|Win32 = Debug STL MT|Win32
		Debug STL MT|x64 = Debug STL MT|x64
		Debug Unicode MFC MD DLL|Win32 = Debug Unicode MFC MD DLL|Win32
		Debug Unicode MFC MD DLL|x64 = Debug Unicode MFC MD DLL|x64
		Debug Unicode MFC MD|Win32 = Debug Unicode MFC MD|Win32
		Debug Unicode MFC MD|x64 = Debug Unicode MFC MD|x64
		Debug Unicode MFC MT|Win32 = Debug Unicode MFC MT|Win32
		Debug Unicode MFC MT|x64 = Debug Unicode MFC MT|x64
		Debug Unicode STL MD DLL|Win32 = Debug Unicode STL MD DLL|Win32
		Debug Unicode STL MD DLL|x64 = Debug Unicode STL MD DLL|x64
		Debug Unicode STL MD|Win32 = Debug Unicode STL MD|Win32
		Debug Unicode STL MD|x64 = Debug Unicode STL MD|x64
		Debug Unicode STL MT|Win32 = Debug Unicode STL MT|Win32
		Debug Unicode STL MT|x64 = Debug Unicode STL MT|x64
		Release MFC MD DLL|Win32 = Release MFC MD DLL|Win32
		Release MFC MD DLL|x64 = Release MFC MD DLL|x64
		Release MFC MD|Win32 = Release MFC MD|Win32
		Release MFC MD|x64 = Release MFC MD|x64
		Release MFC MT|Win32 = Release MFC MT|Win32
		Release MFC MT|x64 = Release MFC MT|x64
		Release STL MD DLL|Win32 = Release STL MD DLL|Win32
		Release STL MD DLL|x64 = Release STL MD DLL|x64
		Release STL MD|Win32 = Release STL MD|Win32
		Release STL MD|x64 = Release STL MD|x64
		Release STL MT|Win32 = Release STL MT|Win32
		Release STL MT|x64 = Release STL MT|x64
		Release Unicode MFC MD DLL|Win32 = Release Unicode MFC MD DLL|Win32
		Release Unicode MFC MD DLL|x64 = Release Unicode MFC MD DLL|x64
		Release Unicode MFC MD|Win32 = Release Unicode MFC MD|Win32
		Release Unicode MFC MD|x64 = Release Unicode MFC MD|x64
		Release Unicode MFC MT|Win32 = Release Unicode MFC MT|Win32
		Release Unicode MFC MT|x64 = Release Unicode MFC MT|x64
		Release Unicode STL MD DLL|Win32 = Release Unicode STL MD DLL|Win32
		Release Unicode STL MD DLL|x64 = Release Unicode STL MD DLL|x64
		Release Unicode STL MD|Win32 = Release Unicode STL MD|Win32
		Release Unicode STL MD|x64 = Release Unicode STL MD|x64
		Release Unicode STL MT|Win32 = Release Unicode STL MT|Win32
		Release Unicode STL MT|x64 = Release Unicode STL MT|x64
	EndGlobalSection
	GlobalSection(ProjectConfigurationPlatforms) = postSolution
		{A51CF340-B0EA-4C9B-A2FA-4D7487692EF5}.Debug MFC MD DLL|Win32.ActiveCfg = Debug MFC MD DLL|Win32
		{A51CF340-B0EA-4C9B-A2FA-4D7487692EF5}.Debug MFC MD DLL|Win32.Build.0 = Debug MFC MD DLL|Win32
		{A51CF340-B0EA-4C9B-A2FA-4D7487692EF5}.Debug MFC MD DLL|x64.ActiveCfg = Debug MFC MD DLL|x64
		{A51CF340-B0EA-4C9B-A2FA-4D7487692EF5}.Debug MFC MD DLL|x64.Build.0 = Debug MFC MD DLL|x64
		{A51CF340-B0EA-4C9B-A2FA-4D7487692EF5}.Debug MFC MD|Win32.ActiveCfg = Debug MFC MD|Win32
		{A51CF340-B0EA-4C9B-A2FA-4D7487692EF5}.Debug MFC MD|Win32.Build.0 = Debug MFC MD|Win32
		{A51CF340-B0EA-4C9B-A2FA-4D7487692EF5}.Debug MFC MD|x64.ActiveCfg = Debug MFC MD|x64
		{A51CF340-B0EA-4C9B-A2FA-4D7487692EF5}.Debug MFC MD|x64.Build.0 = Debug MFC MD|x64
		{A51CF340-B0EA-4C9B-A2FA-4D7487692EF5}.Debug MFC MT|Win32.ActiveCfg = Debug MFC MT|Win32
		{A51CF340-B0EA-4C9B-A2FA-4D7487692EF5}.Debug MFC MT|Win32.Build.0 = Debug MFC MT|Win32
		{A51CF340-B0EA-4C9B-A2FA-4D7487692EF5}.Debug MFC MT|x64.ActiveCfg = Debug MFC MT|x64
		{A51CF340-B0EA-4C9B-A2FA-4D7487692EF5}.Debug MFC MT|x64.Build.0 = Debug MFC MT|x64
		{A51CF340-B0EA-4C9B-A2FA-4D7487692EF5}.Debug STL MD DLL|Win32.ActiveCfg = Debug STL MD DLL|Win32
		{A51CF340-B0EA-4C9B-A2FA-4D7487692EF5}.Debug STL MD DLL|Win32.Build.0 = Debug STL MD DLL|Win32
		{A51CF340-B0EA-4C9B-A2FA-4D7487692EF5}.Debug STL MD DLL|x64.ActiveCfg = Debug STL MD DLL|x64
		{A51CF340-B0EA-4C9B-A2FA-4D7487692EF5}.Debug STL MD DLL|x64.Build.0 = Debug STL MD DLL|x64
		{A51CF340-B0EA-4C9B-A2FA-4D7487692EF5}.Debug STL MD|Win32.ActiveCfg = Debug STL MD|Win32
		{A51CF340-B0EA-4C9B-A2FA-4D7487692EF5}.Debug STL MD|Win32.Build.0 = Debug STL MD|Win32
		{A51CF340-B0EA-4C9B-A2FA-4D7487692EF5}.Debug STL MD|x64.ActiveCfg = Debug STL MD|x64
		{A51CF340-B0EA-4C9B-A2FA-4D7487692EF5}.Debug STL MD|x64.Build.0 = Debug STL MD|x64
		{A51CF340-B0EA-4C9B-A2FA-4D7487692EF5}.Debug STL MT|Win32.ActiveCfg = Debug STL MT|Win32
		{A51CF340-B0EA-4C9B-A2FA-4D7487692EF5}.Debug STL MT|Win32.Build.0 = Debug STL MT|Win32
		{A51CF340-B0EA-4C9B-A2FA-4D7487692EF5}.Debug STL MT|x64.ActiveCfg = Debug STL MT|x64
		{A51CF340-B0EA-4C9B-A2FA-4D7487692EF5}.Debug STL MT|x64.Build.0 = Debug STL MT|x64
		{A51CF340-B0EA-4C9B-A2FA-4D7487692EF5}.Debug Unicode MFC MD DLL|Win32.ActiveCfg = Debug Unicode MFC MD DLL|Win32
		{A51CF340-B0EA-4C9B-A2FA-4D7487692EF5}.Debug Unicode MFC MD DLL|Win32.Build.0 = Debug Unicode MFC MD DLL|Win32
		{A51CF340-B0EA-4C9B-A2FA-4D7487692EF5}.Debug Unicode MFC MD DLL|x64.ActiveCfg = Debug Unicode MFC MD DLL|x64
		{A51CF340-B0EA-4C9B-A2FA-4D7487692EF5}.Debug Unicode MFC MD DLL|x64.Build.0 = Debug Unicode MFC MD DLL|x64
		{A51CF340-B0EA-4C9B-A2FA-4D7487692EF5}.Debug Unicode MFC MD|Win32.ActiveCfg = Debug Unicode MFC MD|Win32
		{A51CF340-B0EA-4C9B-A2FA-4D7487692EF5}.Debug Unicode MFC MD|Win32.Build.0 = Debug Unicode MFC MD|Win32
		{A51CF340-B0EA-4C9B-A2FA-4D7487692EF5}.Debug Unicode MFC MD|x64.ActiveCfg = Debug Unicode MFC MD|x64
		{A51CF340-B0EA-4C9B-A2FA-4D7487692EF5}.Debug Unicode MFC MD|x64.Build.0 = Debug Unicode MFC MD|x64
		{A51CF340-B0EA-4C9B-A2FA-4D7487692EF5}.Debug Unicode MFC MT|Win32.ActiveCfg = Debug Unicode MFC MT|Win32
		{A51CF340-B0EA-4C9B-A2FA-4D7487692EF5}.Debug Unicode MFC MT|Win32.Build.0 = Debug Unicode MFC MT|Win32
		{A51CF340-B0EA-4C9B-A2FA-4D7487692EF5}.Debug Unicode MFC MT|x64.ActiveCfg = Debug Unicode MFC MT|x64
		{A51CF340-B0EA-4C9B-A2FA-4D7487692EF5}.Debug Unicode MFC MT|x64.Build.0 = Debug Unicode MFC MT|x64
		{A51CF340-B0EA-4C9B-A2FA-4D7487692EF5}.Debug Unicode STL MD DLL|Win32.ActiveCfg = Debug Unicode STL MD DLL|Win32
		{A51CF340-B0EA-4C9B-A2FA-4D7487692EF5}.Debug Unicode STL MD DLL|Win32.Build.0 = Debug Unicode STL MD DLL|Win32
		{A51CF340-B0EA-4C9B-A2FA-4D7487692EF5}.Debug Unicode STL MD DLL|x64.ActiveCfg = Debug Unicode STL MD DLL|x64
		{A51CF340-B0EA-4C9B-A2FA-4D7487692EF5}.Debug Unicode STL MD DLL|x64.Build.0 = Debug Unicode STL MD DLL|x64
		{A51CF340-B0EA-4C9B-A2FA-4D7487692EF5}.Debug Unicode STL MD|Win32.ActiveCfg = Debug Unicode STL MD|Win32
		{A51CF340-B0EA-4C9B-A2FA-4D7487692EF5}.Debug Unicode STL MD|Win32.Build.0 = Debug Unicode STL MD|Win32
		{A51CF340-B0EA-4C9B-A2FA-4D7487692EF5}.Debug Unicode STL MD|x64.ActiveCfg = Debug Unicode STL MD|x64
		{A51CF340-B0EA-4C9B-A2FA-4D7487692EF5}.Debug Unicode STL MD|x64.Build.0 = Debug Unicode STL MD|x64
		{A51CF340-B0EA-4C9B-A2FA-4D7487692EF5}.Debug Unicode STL MT|Win32.ActiveCfg = Debug Unicode STL MT|Win32
		{A51CF340-B0EA-4C9B-A2FA-4D7487692EF5}.Debug Unicode STL MT|Win32.Build.0 = Debug Unicode STL MT|Win32
		{A51CF340-B0EA-4C9B-A2FA-4D7487692EF5}.Debug Unicode STL MT|x64.ActiveCfg = Debug Unicode STL MT|x64
		{A51CF340-B0EA-4C9B-A2FA-4D7487692EF5}.Debug Unicode STL MT|x64.Build.0 = Debug Unicode STL MT|x64
		{A51CF340-B0EA-4C9B-A2FA-4D7487692EF5}.Release MFC MD DLL|Win32.ActiveCfg = Release MFC MD DLL|Win32
		{A51CF340-B0EA-4C9B-A2FA-4D7487692EF5}.Release MFC MD DLL|Win32.Build.0 = Release MFC MD DLL|Win32
		{A51CF340-B0EA-4C9B-A2FA-4D7487692EF5}.Release MFC MD DLL|x64.ActiveCfg = Release MFC MD DLL|x64
		{A51CF340-B0EA-4C9B-A2FA-4D7487692EF5}.Release MFC MD DLL|x64.Build.0 = Release MFC MD DLL|x64
		{A51CF340-B0EA-4C9B-A2FA-4D7487692EF5}.Release MFC MD|Win32.ActiveCfg = Release MFC MD|Win32
		{A51CF340-B0EA-4C9B-A2FA-4D7487692EF5}.Release MFC MD|Win32.Build.0 = Release MFC MD|Win32
		{A51CF340-B0EA-4C9B-A2FA-4D7487692EF5}.Release MFC MD|x64.ActiveCfg = Release MFC MD|x64
		{A51CF340-B0EA-4C9B-A2FA-4D7487692EF5}.Release MFC MD|x64.Build.0 = Release MFC MD|x64
		{A51CF340-B0EA-4C9B-A2FA-4D7487692EF5}.Release MFC MT|Win32.ActiveCfg = Release MFC MT|Win32
		{A51CF340-B0EA-4C9B-A2FA-4D7487692EF5}.Release MFC MT|Win32.Build.0 = Release MFC MT|Win32
		{A51CF340-B0EA-4C9B-A2FA-4D7487692EF5}.Release MFC MT|x64.ActiveCfg = Release MFC MT|x64
		{A51CF340-B0EA-4C9B-A2FA-4D7487692EF5}.Release MFC MT|x64.Build.0 = Release MFC MT|x64
		{A51CF340-B0EA-4C9B-A2FA-4D7487692EF5}.Release STL MD DLL|Win32.ActiveCfg = Release STL MD DLL|Win32
		{A51CF340-B0EA-4C9B-A2FA-4D7487692EF5}.Release STL MD DLL|Win32.Build.0 = Release STL MD DLL|Win32
		{A51CF340-B0EA-4C9B-A2FA-4D7487692EF5}.Release STL MD DLL|x64.ActiveCfg = Release STL MD DLL|x64
		{A51CF340-B0EA-4C9B-A2FA-4D7487692EF5}.Release STL MD DLL|x64.Build.0 = Release STL MD DLL|x64
		{A51CF340-B0EA-4C9B-A2FA-4D7487692EF5}.Release STL MD|Win32.ActiveCfg = Release STL MD|Win32
		{A51CF340-B0EA-4C9B-A2FA-4D7487692EF5}.Release STL MD|Win32.Build.0 = Release STL MD|Win32
		{A51CF340-B0EA-4C9B-A2FA-4D7487692EF5}.Release STL MD|x64.ActiveCfg = Release STL MD|x64
		{A51CF340-B0EA-4C9B-A2FA-4D7487692EF5}.Release STL MD|x64.Build.0 = Release STL MD|x64
		{A51CF340-B0EA-4C9B-A2FA-4D7487692EF5}.Release STL MT|Win32.ActiveCfg = Release STL MT|Win32
		{A51CF340-B0EA-4C9B-A2FA-4D7487692EF5}.Release STL MT|Win32.Build.0 = Release STL MT|Win32
		{A51CF340-B0EA-4C9B-A2FA-4D7487692EF5}.Release STL MT|x64.ActiveCfg = Release STL MT|x64
		{A51CF340-B0EA-4C9B-A2FA-4D7487692EF5}.Release STL MT|x64.Build.0 = Release STL MT|x64
		{A51CF340-B0EA-4C9B-A2FA-4D7487692EF5}.Release Unicode MFC MD DLL|Win32.ActiveCfg = Release Unicode MFC MD DLL|Win32
		{A51CF340-B0EA-4C9B-A2FA-4D7487692EF5}.Release Unicode MFC MD DLL|Win32.Build.0 = Release Unicode MFC MD DLL|Win32
		{A51CF340-B0EA-4C9B-A2FA-4D7487692EF5}.Release Unicode MFC MD DLL|x64.ActiveCfg = Release Unicode MFC MD DLL|x64
		{A51CF340-B0EA-4C9B-A2FA-4D7487692EF5}.Release Unicode MFC MD DLL|x64.Build.0 = Release Unicode MFC MD DLL|x64
		{A51CF340-B0EA-4C9B-A2FA-4D7487692EF5}.Release Unicode MFC MD|Win32.ActiveCfg = Release Unicode MFC MD|Win32
		{A51CF340-B0EA-4C9B-A2FA-4D7487692EF5}.Release Unicode MFC MD|Win32.Build.0 = Release Unicode MFC MD|Win32
		{A51CF340-B0EA-4C9B-A2FA-4D7487692EF5}.Release Unicode MFC MD|x64.ActiveCfg = Release Unicode MFC MD|x64
		{A51CF340-B0EA-4C9B-A2FA-4D7487692EF5}.Release Unicode MFC MD|x64.Build.0 = Release Unicode MFC MD|x64
		{A51CF340-B0EA-4C9B-A2FA-4D7487692EF5}.Release Unicode MFC MT|Win32.ActiveCfg = Release Unicode MFC MT|Win32
		{A51CF340-B0EA-4C9B-A2FA-4D7487692EF5}.Release Unicode MFC MT|Win32.Build.0 = Release Unicode MFC MT|Win32
		{A51CF340-B0EA-4C9B-A2FA-4D7487692EF5}.Release Unicode MFC MT|x64.ActiveCfg = Release Unicode MFC MT|x64
		{A51CF340-B0EA-4C9B-A2FA-4D7487692EF5}.Release Unicode MFC MT|x64.Build.0 = Release Unicode MFC MT|x64
		{A51CF340-B0EA-4C9B-A2FA-4D7487692EF5}.Release Unicode STL MD DLL|Win32.ActiveCfg = Release Unicode STL MD DLL|Win32
		{A51CF340-B0EA-4C9B-A2FA-4D7487692EF5}.Release Unicode STL MD DLL|Win32.Build.0 = Release Unicode STL MD DLL|Win32
		{A51CF340-B0EA-4C9B-A2FA-4D7487692EF5}.Release Unicode STL MD DLL|x64.ActiveCfg = Release Unicode STL MD DLL|x64
		{A51CF340-B0EA-4C9B-A2FA-4D7487692EF5}.Release Unicode STL MD DLL|x64.Build.0 = Release Unicode STL MD DLL|x64
		{A51CF340-B0EA-4C9B-A2FA-4D7487692EF5}.Release Unicode STL MD|Win32.ActiveCfg = Release Unicode STL MD|Win32
		{A51CF340-B0EA-4C9B-A2FA-4D7487692EF5}.Release Unicode STL MD|Win32.Build.0 = Release Unicode STL MD|Win32
		{A51CF340-B0EA-4C9B-A2FA-4D7487692EF5}.Release Unicode STL MD|x64.ActiveCfg = Release Unicode STL MD|x64
		{A51CF340-B0EA-4C9B-A2FA-4D7487692EF5}.Release Unicode STL MD|x64.Build.0 = Release Unicode STL MD|x64
		{A51CF340-B0EA-4C9B-A2FA-4D7487692EF5}.Release Unicode STL MT|Win32.ActiveCfg = Release Unicode STL MT|Win32
		{A51CF340-B0EA-4C9B-A2FA-4D7487692EF5}.Release Unicode STL MT|Win32.Build.0 = Release Unicode STL MT|Win32
		{A51CF340-B0EA-4C9B-A2FA-4D7487692EF5}.Release Unicode STL MT|x64.ActiveCfg = Release Unicode STL MT|x64
		{A51CF340-B0EA-4C9B-A2FA-4D7487692EF5}.Release Unicode STL MT|x64.Build.0 = Release Unicode STL MT|x64
	EndGlobalSection
	GlobalSection(SolutionProperties) = preSolution
		HideSolutionNode = FALSE
	EndGlobalSection
EndGlobal
