<?xml version="1.0" encoding="utf-8"?>
<Project ToolsVersion="4.0" xmlns="http://schemas.microsoft.com/developer/msbuild/2003">
  <ItemGroup>
    <Filter Include="Source Files">
      <UniqueIdentifier>{4FC737F1-C7A5-4376-A066-2A32D752A2FF}</UniqueIdentifier>
      <Extensions>cpp;c;cxx;def;odl;idl;hpj;bat;asm;asmx</Extensions>
    </Filter>
    <Filter Include="Header Files">
      <UniqueIdentifier>{93995380-89BD-4b04-88EB-625FBE52EBFB}</UniqueIdentifier>
      <Extensions>h;hpp;hxx;hm;inl;inc;xsd</Extensions>
    </Filter>
    <Filter Include="Resource Files">
      <UniqueIdentifier>{67DA6AB6-F800-4c08-8B7A-83BB121AAD01}</UniqueIdentifier>
      <Extensions>rc;ico;cur;bmp;dlg;rc2;rct;bin;rgs;gif;jpg;jpeg;jpe;resx</Extensions>
    </Filter>
    <Filter Include="zlib">
      <UniqueIdentifier>{3c901b37-8021-443f-bb6d-d3d5c4bba60b}</UniqueIdentifier>
    </Filter>
    <Filter Include="Information">
      <UniqueIdentifier>{d6b896e5-2446-495d-b3c4-22c50b056d39}</UniqueIdentifier>
    </Filter>
    <Filter Include="bzip2">
      <UniqueIdentifier>{ddac35bf-c837-4092-9527-c0ea25f4fc22}</UniqueIdentifier>
    </Filter>
  </ItemGroup>
  <ItemGroup>
    <ClCompile Include="Aes.cpp">
      <Filter>Source Files</Filter>
    </ClCompile>
    <ClCompile Include="BaseLibCompressor.cpp">
      <Filter>Source Files</Filter>
    </ClCompile>
    <ClCompile Include="Bzip2Compressor.cpp">
      <Filter>Source Files</Filter>
    </ClCompile>
    <ClCompile Include="DeflateCompressor.cpp">
      <Filter>Source Files</Filter>
    </ClCompile>
    <ClCompile Include="DirEnumerator.cpp">
      <Filter>Source Files</Filter>
    </ClCompile>
    <ClCompile Include="FileFilter.cpp">
      <Filter>Source Files</Filter>
    </ClCompile>
    <ClCompile Include="Hmac.cpp">
      <Filter>Source Files</Filter>
    </ClCompile>
    <ClCompile Include="RandomPool.cpp">
      <Filter>Source Files</Filter>
    </ClCompile>
    <ClCompile Include="Sha1.cpp">
      <Filter>Source Files</Filter>
    </ClCompile>
    <ClCompile Include="Wildcard.cpp">
      <Filter>Source Files</Filter>
    </ClCompile>
    <ClCompile Include="ZipAesCryptograph.cpp">
      <Filter>Source Files</Filter>
    </ClCompile>
    <ClCompile Include="ZipArchive.cpp">
      <Filter>Source Files</Filter>
    </ClCompile>
    <ClCompile Include="ZipAutoBuffer.cpp">
      <Filter>Source Files</Filter>
    </ClCompile>
    <ClCompile Include="ZipCentralDir.cpp">
      <Filter>Source Files</Filter>
    </ClCompile>
    <ClCompile Include="ZipCompatibility.cpp">
      <Filter>Source Files</Filter>
    </ClCompile>
    <ClCompile Include="ZipCompressor.cpp">
      <Filter>Source Files</Filter>
    </ClCompile>
    <ClCompile Include="ZipCrc32Cryptograph.cpp">
      <Filter>Source Files</Filter>
    </ClCompile>
    <ClCompile Include="ZipCryptograph.cpp">
      <Filter>Source Files</Filter>
    </ClCompile>
    <ClCompile Include="ZipException.cpp">
      <Filter>Source Files</Filter>
    </ClCompile>
    <ClCompile Include="ZipExtraData.cpp">
      <Filter>Source Files</Filter>
    </ClCompile>
    <ClCompile Include="ZipExtraField.cpp">
      <Filter>Source Files</Filter>
    </ClCompile>
    <ClCompile Include="ZipFile_mfc.cpp">
      <Filter>Source Files</Filter>
    </ClCompile>
    <ClCompile Include="ZipFile_stl.cpp">
      <Filter>Source Files</Filter>
    </ClCompile>
    <ClCompile Include="ZipFile_win.cpp">
      <Filter>Source Files</Filter>
    </ClCompile>
    <ClCompile Include="ZipFileHeader.cpp">
      <Filter>Source Files</Filter>
    </ClCompile>
    <ClCompile Include="ZipMemFile.cpp">
      <Filter>Source Files</Filter>
    </ClCompile>
    <ClCompile Include="ZipPathComponent_lnx.cpp">
      <Filter>Source Files</Filter>
    </ClCompile>
    <ClCompile Include="ZipPathComponent_win.cpp">
      <Filter>Source Files</Filter>
    </ClCompile>
    <ClCompile Include="ZipPlatform_lnx.cpp">
      <Filter>Source Files</Filter>
    </ClCompile>
    <ClCompile Include="ZipPlatform_win.cpp">
      <Filter>Source Files</Filter>
    </ClCompile>
    <ClCompile Include="ZipPlatformComm.cpp">
      <Filter>Source Files</Filter>
    </ClCompile>
    <ClCompile Include="ZipStorage.cpp">
      <Filter>Source Files</Filter>
    </ClCompile>
    <ClCompile Include="ZipString.cpp">
      <Filter>Source Files</Filter>
    </ClCompile>
    <ClCompile Include="zlib\adler32.c">
      <Filter>zlib</Filter>
    </ClCompile>
    <ClCompile Include="zlib\compress.c">
      <Filter>zlib</Filter>
    </ClCompile>
    <ClCompile Include="zlib\crc32.c">
      <Filter>zlib</Filter>
    </ClCompile>
    <ClCompile Include="zlib\deflate.c">
      <Filter>zlib</Filter>
    </ClCompile>
    <ClCompile Include="zlib\infback.c">
      <Filter>zlib</Filter>
    </ClCompile>
    <ClCompile Include="zlib\inffast.c">
      <Filter>zlib</Filter>
    </ClCompile>
    <ClCompile Include="zlib\inflate.c">
      <Filter>zlib</Filter>
    </ClCompile>
    <ClCompile Include="zlib\inftrees.c">
      <Filter>zlib</Filter>
    </ClCompile>
    <ClCompile Include="zlib\trees.c">
      <Filter>zlib</Filter>
    </ClCompile>
    <ClCompile Include="zlib\uncompr.c">
      <Filter>zlib</Filter>
    </ClCompile>
    <ClCompile Include="zlib\zutil.c">
      <Filter>zlib</Filter>
    </ClCompile>
    <ClCompile Include="bzip2\blocksort.c">
      <Filter>bzip2</Filter>
    </ClCompile>
    <ClCompile Include="bzip2\bzcompress.c">
      <Filter>bzip2</Filter>
    </ClCompile>
    <ClCompile Include="bzip2\bzlib.c">
      <Filter>bzip2</Filter>
    </ClCompile>
    <ClCompile Include="bzip2\crctable.c">
      <Filter>bzip2</Filter>
    </ClCompile>
    <ClCompile Include="bzip2\decompress.c">
      <Filter>bzip2</Filter>
    </ClCompile>
    <ClCompile Include="bzip2\huffman.c">
      <Filter>bzip2</Filter>
    </ClCompile>
    <ClCompile Include="bzip2\randtable.c">
      <Filter>bzip2</Filter>
    </ClCompile>
  </ItemGroup>
  <ItemGroup>
    <ClInclude Include="_features.h">
      <Filter>Header Files</Filter>
    </ClInclude>
    <ClInclude Include="_platform.h">
      <Filter>Header Files</Filter>
    </ClInclude>
    <ClInclude Include="Aes.h">
      <Filter>Header Files</Filter>
    </ClInclude>
    <ClInclude Include="BaseLibCompressor.h">
      <Filter>Header Files</Filter>
    </ClInclude>
    <ClInclude Include="BitFlag.h">
      <Filter>Header Files</Filter>
    </ClInclude>
    <ClInclude Include="BytesWriter.h">
      <Filter>Header Files</Filter>
    </ClInclude>
    <ClInclude Include="Bzip2Compressor.h">
      <Filter>Header Files</Filter>
    </ClInclude>
    <ClInclude Include="DeflateCompressor.h">
      <Filter>Header Files</Filter>
    </ClInclude>
    <ClInclude Include="DirEnumerator.h">
      <Filter>Header Files</Filter>
    </ClInclude>
    <ClInclude Include="FileFilter.h">
      <Filter>Header Files</Filter>
    </ClInclude>
    <ClInclude Include="FileInfo.h">
      <Filter>Header Files</Filter>
    </ClInclude>
    <ClInclude Include="Hmac.h">
      <Filter>Header Files</Filter>
    </ClInclude>
    <ClInclude Include="RandomPool.h">
      <Filter>Header Files</Filter>
    </ClInclude>
    <ClInclude Include="Sha1.h">
      <Filter>Header Files</Filter>
    </ClInclude>
    <ClInclude Include="std_mfc.h">
      <Filter>Header Files</Filter>
    </ClInclude>
    <ClInclude Include="std_stl.h">
      <Filter>Header Files</Filter>
    </ClInclude>
    <ClInclude Include="stdafx.h">
      <Filter>Header Files</Filter>
    </ClInclude>
    <ClInclude Include="Wildcard.h">
      <Filter>Header Files</Filter>
    </ClInclude>
    <ClInclude Include="ZipAbstractFile.h">
      <Filter>Header Files</Filter>
    </ClInclude>
    <ClInclude Include="ZipAesCryptograph.h">
      <Filter>Header Files</Filter>
    </ClInclude>
    <ClInclude Include="ZipArchive.h">
      <Filter>Header Files</Filter>
    </ClInclude>
    <ClInclude Include="ZipAutoBuffer.h">
      <Filter>Header Files</Filter>
    </ClInclude>
    <ClInclude Include="ZipBaseException.h">
      <Filter>Header Files</Filter>
    </ClInclude>
    <ClInclude Include="ZipCallback.h">
      <Filter>Header Files</Filter>
    </ClInclude>
    <ClInclude Include="ZipCallbackProvider.h">
      <Filter>Header Files</Filter>
    </ClInclude>
    <ClInclude Include="ZipCentralDir.h">
      <Filter>Header Files</Filter>
    </ClInclude>
    <ClInclude Include="ZipCollections.h">
      <Filter>Header Files</Filter>
    </ClInclude>
    <ClInclude Include="ZipCollections_mfc.h">
      <Filter>Header Files</Filter>
    </ClInclude>
    <ClInclude Include="ZipCollections_stl.h">
      <Filter>Header Files</Filter>
    </ClInclude>
    <ClInclude Include="ZipCompatibility.h">
      <Filter>Header Files</Filter>
    </ClInclude>
    <ClInclude Include="ZipCompressor.h">
      <Filter>Header Files</Filter>
    </ClInclude>
    <ClInclude Include="ZipCrc32Cryptograph.h">
      <Filter>Header Files</Filter>
    </ClInclude>
    <ClInclude Include="ZipCryptograph.h">
      <Filter>Header Files</Filter>
    </ClInclude>
    <ClInclude Include="ZipException.h">
      <Filter>Header Files</Filter>
    </ClInclude>
    <ClInclude Include="ZipExport.h">
      <Filter>Header Files</Filter>
    </ClInclude>
    <ClInclude Include="ZipExtraData.h">
      <Filter>Header Files</Filter>
    </ClInclude>
    <ClInclude Include="ZipExtraField.h">
      <Filter>Header Files</Filter>
    </ClInclude>
    <ClInclude Include="ZipFile.h">
      <Filter>Header Files</Filter>
    </ClInclude>
    <ClInclude Include="ZipFile_mfc.h">
      <Filter>Header Files</Filter>
    </ClInclude>
    <ClInclude Include="ZipFile_stl.h">
      <Filter>Header Files</Filter>
    </ClInclude>
    <ClInclude Include="ZipFile_win.h">
      <Filter>Header Files</Filter>
    </ClInclude>
    <ClInclude Include="ZipFileHeader.h">
      <Filter>Header Files</Filter>
    </ClInclude>
    <ClInclude Include="ZipFileMapping.h">
      <Filter>Header Files</Filter>
    </ClInclude>
    <ClInclude Include="ZipFileMapping_lnx.h">
      <Filter>Header Files</Filter>
    </ClInclude>
    <ClInclude Include="ZipFileMapping_win.h">
      <Filter>Header Files</Filter>
    </ClInclude>
    <ClInclude Include="ZipMemFile.h">
      <Filter>Header Files</Filter>
    </ClInclude>
    <ClInclude Include="ZipMutex.h">
      <Filter>Header Files</Filter>
    </ClInclude>
    <ClInclude Include="ZipMutex_lnx.h">
      <Filter>Header Files</Filter>
    </ClInclude>
    <ClInclude Include="ZipMutex_win.h">
      <Filter>Header Files</Filter>
    </ClInclude>
    <ClInclude Include="ZipPathComponent.h">
      <Filter>Header Files</Filter>
    </ClInclude>
    <ClInclude Include="ZipPlatform.h">
      <Filter>Header Files</Filter>
    </ClInclude>
    <ClInclude Include="ZipSplitNamesHandler.h">
      <Filter>Header Files</Filter>
    </ClInclude>
    <ClInclude Include="ZipStorage.h">
      <Filter>Header Files</Filter>
    </ClInclude>
    <ClInclude Include="ZipString.h">
      <Filter>Header Files</Filter>
    </ClInclude>
    <ClInclude Include="ZipString_mfc.h">
      <Filter>Header Files</Filter>
    </ClInclude>
    <ClInclude Include="ZipString_stl.h">
      <Filter>Header Files</Filter>
    </ClInclude>
    <ClInclude Include="ZipStringStoreSettings.h">
      <Filter>Header Files</Filter>
    </ClInclude>
    <ClInclude Include="resource.h">
      <Filter>Resource Files</Filter>
    </ClInclude>
    <ClInclude Include="zlib\crc32.h">
      <Filter>zlib</Filter>
    </ClInclude>
    <ClInclude Include="zlib\deflate.h">
      <Filter>zlib</Filter>
    </ClInclude>
    <ClInclude Include="zlib\inffast.h">
      <Filter>zlib</Filter>
    </ClInclude>
    <ClInclude Include="zlib\inffixed.h">
      <Filter>zlib</Filter>
    </ClInclude>
    <ClInclude Include="zlib\inflate.h">
      <Filter>zlib</Filter>
    </ClInclude>
    <ClInclude Include="zlib\inftrees.h">
      <Filter>zlib</Filter>
    </ClInclude>
    <ClInclude Include="zlib\trees.h">
      <Filter>zlib</Filter>
    </ClInclude>
    <ClInclude Include="zlib\zconf.h">
      <Filter>zlib</Filter>
    </ClInclude>
    <ClInclude Include="zlib\zlib.h">
      <Filter>zlib</Filter>
    </ClInclude>
    <ClInclude Include="zlib\zutil.h">
      <Filter>zlib</Filter>
    </ClInclude>
    <ClInclude Include="bzip2\bzlib.h">
      <Filter>bzip2</Filter>
    </ClInclude>
    <ClInclude Include="bzip2\bzlib_private.h">
      <Filter>bzip2</Filter>
    </ClInclude>
  </ItemGroup>
  <ItemGroup>
    <ResourceCompile Include="ZipArchive.rc">
      <Filter>Resource Files</Filter>
    </ResourceCompile>
  </ItemGroup>
  <ItemGroup>
    <None Include="Appnote.txt">
      <Filter>Information</Filter>
    </None>
  </ItemGroup>
</Project>